PODS:
  - Kingfisher (6.3.0)
  - NCMB (3.1.0)
  - NYXImagesKit (2.3)
  - SVProgressHUD (2.2.5)
  - SwiftData (1.1.16)
  - "UITextView+Placeholder (1.4.0)"

DEPENDENCIES:
  - Kingfisher
  - NCMB (from `https://github.com/NIFTYCloud-mbaas/ncmb_ios.git`, branch `develop`)
  - NYXImagesKit
  - SVProgressHUD
  - SwiftData
  - "UITextView+Placeholder"

SPEC REPOS:
  trunk:
    - Kingfisher
    - NYXImagesKit
    - SVProgressHUD
    - SwiftData
    - "UITextView+Placeholder"

EXTERNAL SOURCES:
  NCMB:
    :branch: develop
    :git: https://github.com/NIFTYCloud-mbaas/ncmb_ios.git

CHECKOUT OPTIONS:
  NCMB:
    :commit: 8abc6e8708f1ab306e1dcaf13da4019257e91fb1
    :git: https://github.com/NIFTYCloud-mbaas/ncmb_ios.git

SPEC CHECKSUMS:
  Kingfisher: 6c3df386db71d82c0817a429d2c9421a77396529
  NCMB: c308972109137bf523ec1830bac16de6a31c25f4
  NYXImagesKit: 8163e3335a40eaa173ca5bbbf81fafb57d3947eb
  SVProgressHUD: 1428aafac632c1f86f62aa4243ec12008d7a51d6
  SwiftData: ef7ae3df5ae5f7ce839ab754c1e91266f1a1c825
  "UITextView+Placeholder": d7b0c400921f66523f3a85d74f774512e14f6502

PODFILE CHECKSUM: 067e89065449d60646fe325fbb6ad825d7ab18c9

COCOAPODS: 1.10.1
