// !$*UTF8*$!
{
	archiveVersion = 1;
	classes = {
	};
	objectVersion = 51;
	objects = {

/* Begin PBXBuildFile section */
		3B0C4D9A2652B17300E3F647 /* TimelineTableViewCell.swift in Sources */ = {isa = PBXBuildFile; fileRef = 3B0C4D982652B17300E3F647 /* TimelineTableViewCell.swift */; };
		3B0C4D9B2652B17300E3F647 /* TimelineTableViewCell.xib in Resources */ = {isa = PBXBuildFile; fileRef = 3B0C4D992652B17300E3F647 /* TimelineTableViewCell.xib */; };
		3B0C4D9D2652BC6500E3F647 /* more.png in Resources */ = {isa = PBXBuildFile; fileRef = 3B0C4D9C2652BC6500E3F647 /* more.png */; };
		3B0C4D9F2652BD2A00E3F647 /* coment.png in Resources */ = {isa = PBXBuildFile; fileRef = 3B0C4D9E2652BD2A00E3F647 /* coment.png */; };
		3B0C4DA12652BD3300E3F647 /* heart.png in Resources */ = {isa = PBXBuildFile; fileRef = 3B0C4DA02652BD3300E3F647 /* heart.png */; };
		3B0C4DA42652D0F400E3F647 /* ouyou.jpeg in Resources */ = {isa = PBXBuildFile; fileRef = 3B0C4DA32652D0F400E3F647 /* ouyou.jpeg */; };
		3B2AE6F0264CE53C000AE965 /* MainViewController.swift in Sources */ = {isa = PBXBuildFile; fileRef = 3B2AE6EF264CE53C000AE965 /* MainViewController.swift */; };
		3B2AE6F4264D2AB4000AE965 /* SignInViewController.swift in Sources */ = {isa = PBXBuildFile; fileRef = 3B2AE6F3264D2AB4000AE965 /* SignInViewController.swift */; };
		3B2AE6F6264D38C3000AE965 /* UserPageViewController.swift in Sources */ = {isa = PBXBuildFile; fileRef = 3B2AE6F5264D38C3000AE965 /* UserPageViewController.swift */; };
		3B2AE6F8264D765E000AE965 /* SearchCertificationViewController.swift in Sources */ = {isa = PBXBuildFile; fileRef = 3B2AE6F7264D765E000AE965 /* SearchCertificationViewController.swift */; };
		3B2AE6FA264E6996000AE965 /* EditUserinfoViewController.swift in Sources */ = {isa = PBXBuildFile; fileRef = 3B2AE6F9264E6996000AE965 /* EditUserinfoViewController.swift */; };
		3B2F2DBC265B4B9800ECFD3D /* NoteCommentsViewController.swift in Sources */ = {isa = PBXBuildFile; fileRef = 3B2F2DBB265B4B9800ECFD3D /* NoteCommentsViewController.swift */; };
		3B2F2DC0265BDC6C00ECFD3D /* question.png in Resources */ = {isa = PBXBuildFile; fileRef = 3B2F2DBF265BDC6C00ECFD3D /* question.png */; };
		3B2F2DC2265BDC7600ECFD3D /* note.png in Resources */ = {isa = PBXBuildFile; fileRef = 3B2F2DC1265BDC7600ECFD3D /* note.png */; };
		3B45958526609BDC00724AC5 /* iTunesArtwork@1x.png in Resources */ = {isa = PBXBuildFile; fileRef = 3B45957026609BDB00724AC5 /* iTunesArtwork@1x.png */; };
		3B45958626609BDC00724AC5 /* Icon-App-76x76@2x.png in Resources */ = {isa = PBXBuildFile; fileRef = 3B45957226609BDB00724AC5 /* Icon-App-76x76@2x.png */; };
		3B45958726609BDC00724AC5 /* Icon-App-29x29@1x.png in Resources */ = {isa = PBXBuildFile; fileRef = 3B45957326609BDB00724AC5 /* Icon-App-29x29@1x.png */; };
		3B45958826609BDC00724AC5 /* Icon-App-40x40@1x.png in Resources */ = {isa = PBXBuildFile; fileRef = 3B45957426609BDB00724AC5 /* Icon-App-40x40@1x.png */; };
		3B45958926609BDC00724AC5 /* Icon-App-20x20@1x.png in Resources */ = {isa = PBXBuildFile; fileRef = 3B45957526609BDB00724AC5 /* Icon-App-20x20@1x.png */; };
		3B45958A26609BDC00724AC5 /* Icon-App-83.5x83.5@2x.png in Resources */ = {isa = PBXBuildFile; fileRef = 3B45957626609BDB00724AC5 /* Icon-App-83.5x83.5@2x.png */; };
		3B45958B26609BDC00724AC5 /* Icon-App-20x20@3x.png in Resources */ = {isa = PBXBuildFile; fileRef = 3B45957726609BDB00724AC5 /* Icon-App-20x20@3x.png */; };
		3B45958C26609BDC00724AC5 /* ItunesArtwork@2x.png in Resources */ = {isa = PBXBuildFile; fileRef = 3B45957826609BDB00724AC5 /* ItunesArtwork@2x.png */; };
		3B45958D26609BDC00724AC5 /* Contents.json in Resources */ = {isa = PBXBuildFile; fileRef = 3B45957926609BDB00724AC5 /* Contents.json */; };
		3B45958E26609BDC00724AC5 /* Icon-App-20x20@2x.png in Resources */ = {isa = PBXBuildFile; fileRef = 3B45957A26609BDB00724AC5 /* Icon-App-20x20@2x.png */; };
		3B45958F26609BDC00724AC5 /* Icon-App-29x29@3x.png in Resources */ = {isa = PBXBuildFile; fileRef = 3B45957B26609BDB00724AC5 /* Icon-App-29x29@3x.png */; };
		3B45959026609BDC00724AC5 /* Icon-App-40x40@2x.png in Resources */ = {isa = PBXBuildFile; fileRef = 3B45957C26609BDB00724AC5 /* Icon-App-40x40@2x.png */; };
		3B45959126609BDC00724AC5 /* Icon-App-60x60@3x.png in Resources */ = {isa = PBXBuildFile; fileRef = 3B45957D26609BDB00724AC5 /* Icon-App-60x60@3x.png */; };
		3B45959226609BDC00724AC5 /* Icon-App-60x60@2x.png in Resources */ = {isa = PBXBuildFile; fileRef = 3B45957E26609BDB00724AC5 /* Icon-App-60x60@2x.png */; };
		3B45959326609BDC00724AC5 /* Icon-App-76x76@1x.png in Resources */ = {isa = PBXBuildFile; fileRef = 3B45957F26609BDB00724AC5 /* Icon-App-76x76@1x.png */; };
		3B45959426609BDC00724AC5 /* Icon-App-40x40@3x.png in Resources */ = {isa = PBXBuildFile; fileRef = 3B45958026609BDB00724AC5 /* Icon-App-40x40@3x.png */; };
		3B45959526609BDC00724AC5 /* Icon-App-29x29@2x.png in Resources */ = {isa = PBXBuildFile; fileRef = 3B45958126609BDB00724AC5 /* Icon-App-29x29@2x.png */; };
		3B45959626609BDC00724AC5 /* README.md in Resources */ = {isa = PBXBuildFile; fileRef = 3B45958226609BDC00724AC5 /* README.md */; };
		3B45959726609BDC00724AC5 /* iTunesArtwork@2x.png in Resources */ = {isa = PBXBuildFile; fileRef = 3B45958326609BDC00724AC5 /* iTunesArtwork@2x.png */; };
		3B45959826609BDC00724AC5 /* iTunesArtwork@3x.png in Resources */ = {isa = PBXBuildFile; fileRef = 3B45958426609BDC00724AC5 /* iTunesArtwork@3x.png */; };
		3B54765626608F3A0006B97F /* PostQuestionCommentViewController.swift in Sources */ = {isa = PBXBuildFile; fileRef = 3B54765526608F3A0006B97F /* PostQuestionCommentViewController.swift */; };
		3B5B17BB265F8A2A005D3E37 /* DetailQuestionViewController.swift in Sources */ = {isa = PBXBuildFile; fileRef = 3B5B17BA265F8A2A005D3E37 /* DetailQuestionViewController.swift */; };
		3B7DFE162657A55700CD81F4 /* BigViewController.swift in Sources */ = {isa = PBXBuildFile; fileRef = 3B7DFE152657A55700CD81F4 /* BigViewController.swift */; };
		3B7DFE1A2657E50B00CD81F4 /* QuestionTimelineViewController.swift in Sources */ = {isa = PBXBuildFile; fileRef = 3B7DFE192657E50B00CD81F4 /* QuestionTimelineViewController.swift */; };
		3B806C2A26536141005FAA3D /* icons8-ハート-60.png in Resources */ = {isa = PBXBuildFile; fileRef = 3B806C2926536141005FAA3D /* icons8-ハート-60.png */; };
		3B806C2C265365E2005FAA3D /* NotePost.swift in Sources */ = {isa = PBXBuildFile; fileRef = 3B806C2B265365E2005FAA3D /* NotePost.swift */; };
		3B806C2E265365FA005FAA3D /* User.swift in Sources */ = {isa = PBXBuildFile; fileRef = 3B806C2D265365FA005FAA3D /* User.swift */; };
		3B806C30265368BC005FAA3D /* Comment.swift in Sources */ = {isa = PBXBuildFile; fileRef = 3B806C2F265368BC005FAA3D /* Comment.swift */; };
		3B813AC3264C24BE0059E521 /* AppDelegate.swift in Sources */ = {isa = PBXBuildFile; fileRef = 3B813AC2264C24BE0059E521 /* AppDelegate.swift */; };
		3B813AC5264C24BE0059E521 /* SceneDelegate.swift in Sources */ = {isa = PBXBuildFile; fileRef = 3B813AC4264C24BE0059E521 /* SceneDelegate.swift */; };
		3B813AC7264C24BE0059E521 /* SearchgenreViewController.swift in Sources */ = {isa = PBXBuildFile; fileRef = 3B813AC6264C24BE0059E521 /* SearchgenreViewController.swift */; };
		3B813ACC264C24C00059E521 /* Assets.xcassets in Resources */ = {isa = PBXBuildFile; fileRef = 3B813ACB264C24C00059E521 /* Assets.xcassets */; };
		3B813ACF264C24C00059E521 /* LaunchScreen.storyboard in Resources */ = {isa = PBXBuildFile; fileRef = 3B813ACD264C24C00059E521 /* LaunchScreen.storyboard */; };
		3B813AD9264C39D40059E521 /* SignUp.storyboard in Resources */ = {isa = PBXBuildFile; fileRef = 3B813AD8264C39D40059E521 /* SignUp.storyboard */; };
		3B813ADB264C39E20059E521 /* SignUpViewController.swift in Sources */ = {isa = PBXBuildFile; fileRef = 3B813ADA264C39E20059E521 /* SignUpViewController.swift */; };
		3B813ADD264C3A370059E521 /* Sharenote.storyboard in Resources */ = {isa = PBXBuildFile; fileRef = 3B813ADC264C3A370059E521 /* Sharenote.storyboard */; };
		3B813AEE264CDA650059E521 /* Main.storyboard in Resources */ = {isa = PBXBuildFile; fileRef = 3B813AED264CDA650059E521 /* Main.storyboard */; };
		3B8341052660C80500CBD534 /* LaunchScreen.storyboard in Resources */ = {isa = PBXBuildFile; fileRef = 3B8341042660C80500CBD534 /* LaunchScreen.storyboard */; };
		3B8341072660D9B700CBD534 /* icons8-設定-50.png in Resources */ = {isa = PBXBuildFile; fileRef = 3B8341062660D9B700CBD534 /* icons8-設定-50.png */; };
		3B83410A2662921B00CBD534 /* icon-red.JPG in Resources */ = {isa = PBXBuildFile; fileRef = 3B8341082662921B00CBD534 /* icon-red.JPG */; };
		3B83410B2662921B00CBD534 /* icon-th.jpg in Resources */ = {isa = PBXBuildFile; fileRef = 3B8341092662921B00CBD534 /* icon-th.jpg */; };
		3B83410E266292AB00CBD534 /* icon-fff.JPG in Resources */ = {isa = PBXBuildFile; fileRef = 3B83410C266292AB00CBD534 /* icon-fff.JPG */; };
		3B83410F266292AB00CBD534 /* icon-ff.JPG in Resources */ = {isa = PBXBuildFile; fileRef = 3B83410D266292AB00CBD534 /* icon-ff.JPG */; };
		3B8341112662930800CBD534 /* this.JPG in Resources */ = {isa = PBXBuildFile; fileRef = 3B8341102662930800CBD534 /* this.JPG */; };
		3B8341132663447000CBD534 /* Certifications.swift in Sources */ = {isa = PBXBuildFile; fileRef = 3B8341122663446F00CBD534 /* Certifications.swift */; };
		3B8341152663448C00CBD534 /* Genre.swift in Sources */ = {isa = PBXBuildFile; fileRef = 3B8341142663448C00CBD534 /* Genre.swift */; };
		3B94E59F26514A1400A2CC03 /* profile_icon.png in Resources */ = {isa = PBXBuildFile; fileRef = 3B94E59E26514A1400A2CC03 /* profile_icon.png */; };
		3B95FD8F265912390078A858 /* PostQuestionViewController.swift in Sources */ = {isa = PBXBuildFile; fileRef = 3B95FD8E265912390078A858 /* PostQuestionViewController.swift */; };
		3BBDE47B2655098300488565 /* PostViewController.swift in Sources */ = {isa = PBXBuildFile; fileRef = 3BBDE47A2655098300488565 /* PostViewController.swift */; };
		3BE47271265E1D1500B068D2 /* QuestionTableViewCell.swift in Sources */ = {isa = PBXBuildFile; fileRef = 3BE4726F265E1D1500B068D2 /* QuestionTableViewCell.swift */; };
		3BE47272265E1D1500B068D2 /* QuestionTableViewCell.xib in Resources */ = {isa = PBXBuildFile; fileRef = 3BE47270265E1D1500B068D2 /* QuestionTableViewCell.xib */; };
		3BE47274265E2EC500B068D2 /* QuestionPost.swift in Sources */ = {isa = PBXBuildFile; fileRef = 3BE47273265E2EC500B068D2 /* QuestionPost.swift */; };
		3BE47279265E38B000B068D2 /* CustomClass.swift in Sources */ = {isa = PBXBuildFile; fileRef = 3BE47278265E38B000B068D2 /* CustomClass.swift */; };
		3BE4727D265E4BE400B068D2 /* PostNoteCommentViewController.swift in Sources */ = {isa = PBXBuildFile; fileRef = 3BE4727C265E4BE400B068D2 /* PostNoteCommentViewController.swift */; };
		3BE4727F265E576D00B068D2 /* DetailNoteViewController.swift in Sources */ = {isa = PBXBuildFile; fileRef = 3BE4727E265E576D00B068D2 /* DetailNoteViewController.swift */; };
		E6265A95AB2609F711D33F3F /* Pods_StudyApp.framework in Frameworks */ = {isa = PBXBuildFile; fileRef = 421AC816A7B11910C2A5BCAC /* Pods_StudyApp.framework */; };
/* End PBXBuildFile section */

/* Begin PBXFileReference section */
		3B0C4D982652B17300E3F647 /* TimelineTableViewCell.swift */ = {isa = PBXFileReference; lastKnownFileType = sourcecode.swift; path = TimelineTableViewCell.swift; sourceTree = "<group>"; };
		3B0C4D992652B17300E3F647 /* TimelineTableViewCell.xib */ = {isa = PBXFileReference; lastKnownFileType = file.xib; path = TimelineTableViewCell.xib; sourceTree = "<group>"; };
		3B0C4D9C2652BC6500E3F647 /* more.png */ = {isa = PBXFileReference; lastKnownFileType = image.png; path = more.png; sourceTree = "<group>"; };
		3B0C4D9E2652BD2A00E3F647 /* coment.png */ = {isa = PBXFileReference; lastKnownFileType = image.png; path = coment.png; sourceTree = "<group>"; };
		3B0C4DA02652BD3300E3F647 /* heart.png */ = {isa = PBXFileReference; lastKnownFileType = image.png; path = heart.png; sourceTree = "<group>"; };
		3B0C4DA32652D0F400E3F647 /* ouyou.jpeg */ = {isa = PBXFileReference; lastKnownFileType = image.jpeg; path = ouyou.jpeg; sourceTree = "<group>"; };
		3B2AE6EF264CE53C000AE965 /* MainViewController.swift */ = {isa = PBXFileReference; lastKnownFileType = sourcecode.swift; path = MainViewController.swift; sourceTree = "<group>"; };
		3B2AE6F3264D2AB4000AE965 /* SignInViewController.swift */ = {isa = PBXFileReference; lastKnownFileType = sourcecode.swift; path = SignInViewController.swift; sourceTree = "<group>"; };
		3B2AE6F5264D38C3000AE965 /* UserPageViewController.swift */ = {isa = PBXFileReference; lastKnownFileType = sourcecode.swift; path = UserPageViewController.swift; sourceTree = "<group>"; };
		3B2AE6F7264D765E000AE965 /* SearchCertificationViewController.swift */ = {isa = PBXFileReference; lastKnownFileType = sourcecode.swift; path = SearchCertificationViewController.swift; sourceTree = "<group>"; };
		3B2AE6F9264E6996000AE965 /* EditUserinfoViewController.swift */ = {isa = PBXFileReference; lastKnownFileType = sourcecode.swift; path = EditUserinfoViewController.swift; sourceTree = "<group>"; };
		3B2F2DBB265B4B9800ECFD3D /* NoteCommentsViewController.swift */ = {isa = PBXFileReference; lastKnownFileType = sourcecode.swift; path = NoteCommentsViewController.swift; sourceTree = "<group>"; };
		3B2F2DBF265BDC6C00ECFD3D /* question.png */ = {isa = PBXFileReference; lastKnownFileType = image.png; path = question.png; sourceTree = "<group>"; };
		3B2F2DC1265BDC7600ECFD3D /* note.png */ = {isa = PBXFileReference; lastKnownFileType = image.png; path = note.png; sourceTree = "<group>"; };
		3B45957026609BDB00724AC5 /* iTunesArtwork@1x.png */ = {isa = PBXFileReference; lastKnownFileType = image.png; path = "iTunesArtwork@1x.png"; sourceTree = "<group>"; };
		3B45957226609BDB00724AC5 /* Icon-App-76x76@2x.png */ = {isa = PBXFileReference; lastKnownFileType = image.png; path = "Icon-App-76x76@2x.png"; sourceTree = "<group>"; };
		3B45957326609BDB00724AC5 /* Icon-App-29x29@1x.png */ = {isa = PBXFileReference; lastKnownFileType = image.png; path = "Icon-App-29x29@1x.png"; sourceTree = "<group>"; };
		3B45957426609BDB00724AC5 /* Icon-App-40x40@1x.png */ = {isa = PBXFileReference; lastKnownFileType = image.png; path = "Icon-App-40x40@1x.png"; sourceTree = "<group>"; };
		3B45957526609BDB00724AC5 /* Icon-App-20x20@1x.png */ = {isa = PBXFileReference; lastKnownFileType = image.png; path = "Icon-App-20x20@1x.png"; sourceTree = "<group>"; };
		3B45957626609BDB00724AC5 /* Icon-App-83.5x83.5@2x.png */ = {isa = PBXFileReference; lastKnownFileType = image.png; path = "Icon-App-83.5x83.5@2x.png"; sourceTree = "<group>"; };
		3B45957726609BDB00724AC5 /* Icon-App-20x20@3x.png */ = {isa = PBXFileReference; lastKnownFileType = image.png; path = "Icon-App-20x20@3x.png"; sourceTree = "<group>"; };
		3B45957826609BDB00724AC5 /* ItunesArtwork@2x.png */ = {isa = PBXFileReference; lastKnownFileType = image.png; path = "ItunesArtwork@2x.png"; sourceTree = "<group>"; };
		3B45957926609BDB00724AC5 /* Contents.json */ = {isa = PBXFileReference; fileEncoding = 4; lastKnownFileType = text.json; path = Contents.json; sourceTree = "<group>"; };
		3B45957A26609BDB00724AC5 /* Icon-App-20x20@2x.png */ = {isa = PBXFileReference; lastKnownFileType = image.png; path = "Icon-App-20x20@2x.png"; sourceTree = "<group>"; };
		3B45957B26609BDB00724AC5 /* Icon-App-29x29@3x.png */ = {isa = PBXFileReference; lastKnownFileType = image.png; path = "Icon-App-29x29@3x.png"; sourceTree = "<group>"; };
		3B45957C26609BDB00724AC5 /* Icon-App-40x40@2x.png */ = {isa = PBXFileReference; lastKnownFileType = image.png; path = "Icon-App-40x40@2x.png"; sourceTree = "<group>"; };
		3B45957D26609BDB00724AC5 /* Icon-App-60x60@3x.png */ = {isa = PBXFileReference; lastKnownFileType = image.png; path = "Icon-App-60x60@3x.png"; sourceTree = "<group>"; };
		3B45957E26609BDB00724AC5 /* Icon-App-60x60@2x.png */ = {isa = PBXFileReference; lastKnownFileType = image.png; path = "Icon-App-60x60@2x.png"; sourceTree = "<group>"; };
		3B45957F26609BDB00724AC5 /* Icon-App-76x76@1x.png */ = {isa = PBXFileReference; lastKnownFileType = image.png; path = "Icon-App-76x76@1x.png"; sourceTree = "<group>"; };
		3B45958026609BDB00724AC5 /* Icon-App-40x40@3x.png */ = {isa = PBXFileReference; lastKnownFileType = image.png; path = "Icon-App-40x40@3x.png"; sourceTree = "<group>"; };
		3B45958126609BDB00724AC5 /* Icon-App-29x29@2x.png */ = {isa = PBXFileReference; lastKnownFileType = image.png; path = "Icon-App-29x29@2x.png"; sourceTree = "<group>"; };
		3B45958226609BDC00724AC5 /* README.md */ = {isa = PBXFileReference; fileEncoding = 4; lastKnownFileType = net.daringfireball.markdown; path = README.md; sourceTree = "<group>"; };
		3B45958326609BDC00724AC5 /* iTunesArtwork@2x.png */ = {isa = PBXFileReference; lastKnownFileType = image.png; path = "iTunesArtwork@2x.png"; sourceTree = "<group>"; };
		3B45958426609BDC00724AC5 /* iTunesArtwork@3x.png */ = {isa = PBXFileReference; lastKnownFileType = image.png; path = "iTunesArtwork@3x.png"; sourceTree = "<group>"; };
		3B54765526608F3A0006B97F /* PostQuestionCommentViewController.swift */ = {isa = PBXFileReference; lastKnownFileType = sourcecode.swift; path = PostQuestionCommentViewController.swift; sourceTree = "<group>"; };
		3B5B17BA265F8A2A005D3E37 /* DetailQuestionViewController.swift */ = {isa = PBXFileReference; lastKnownFileType = sourcecode.swift; path = DetailQuestionViewController.swift; sourceTree = "<group>"; };
		3B7DFE152657A55700CD81F4 /* BigViewController.swift */ = {isa = PBXFileReference; lastKnownFileType = sourcecode.swift; path = BigViewController.swift; sourceTree = "<group>"; };
		3B7DFE192657E50B00CD81F4 /* QuestionTimelineViewController.swift */ = {isa = PBXFileReference; lastKnownFileType = sourcecode.swift; path = QuestionTimelineViewController.swift; sourceTree = "<group>"; };
		3B806C2926536141005FAA3D /* icons8-ハート-60.png */ = {isa = PBXFileReference; lastKnownFileType = image.png; path = "icons8-ハート-60.png"; sourceTree = "<group>"; };
		3B806C2B265365E2005FAA3D /* NotePost.swift */ = {isa = PBXFileReference; lastKnownFileType = sourcecode.swift; path = NotePost.swift; sourceTree = "<group>"; };
		3B806C2D265365FA005FAA3D /* User.swift */ = {isa = PBXFileReference; lastKnownFileType = sourcecode.swift; path = User.swift; sourceTree = "<group>"; };
		3B806C2F265368BC005FAA3D /* Comment.swift */ = {isa = PBXFileReference; lastKnownFileType = sourcecode.swift; path = Comment.swift; sourceTree = "<group>"; };
		3B813ABF264C24BE0059E521 /* StudyApp.app */ = {isa = PBXFileReference; explicitFileType = wrapper.application; includeInIndex = 0; path = StudyApp.app; sourceTree = BUILT_PRODUCTS_DIR; };
		3B813AC2264C24BE0059E521 /* AppDelegate.swift */ = {isa = PBXFileReference; lastKnownFileType = sourcecode.swift; path = AppDelegate.swift; sourceTree = "<group>"; };
		3B813AC4264C24BE0059E521 /* SceneDelegate.swift */ = {isa = PBXFileReference; lastKnownFileType = sourcecode.swift; path = SceneDelegate.swift; sourceTree = "<group>"; };
		3B813AC6264C24BE0059E521 /* SearchgenreViewController.swift */ = {isa = PBXFileReference; lastKnownFileType = sourcecode.swift; path = SearchgenreViewController.swift; sourceTree = "<group>"; };
		3B813ACB264C24C00059E521 /* Assets.xcassets */ = {isa = PBXFileReference; lastKnownFileType = folder.assetcatalog; path = Assets.xcassets; sourceTree = "<group>"; };
		3B813ACE264C24C00059E521 /* Base */ = {isa = PBXFileReference; lastKnownFileType = file.storyboard; name = Base; path = Base.lproj/LaunchScreen.storyboard; sourceTree = "<group>"; };
		3B813AD0264C24C00059E521 /* Info.plist */ = {isa = PBXFileReference; lastKnownFileType = text.plist.xml; path = Info.plist; sourceTree = "<group>"; };
		3B813AD8264C39D40059E521 /* SignUp.storyboard */ = {isa = PBXFileReference; lastKnownFileType = file.storyboard; path = SignUp.storyboard; sourceTree = "<group>"; };
		3B813ADA264C39E20059E521 /* SignUpViewController.swift */ = {isa = PBXFileReference; lastKnownFileType = sourcecode.swift; path = SignUpViewController.swift; sourceTree = "<group>"; };
		3B813ADC264C3A370059E521 /* Sharenote.storyboard */ = {isa = PBXFileReference; lastKnownFileType = file.storyboard; path = Sharenote.storyboard; sourceTree = "<group>"; };
		3B813AED264CDA650059E521 /* Main.storyboard */ = {isa = PBXFileReference; lastKnownFileType = file.storyboard; path = Main.storyboard; sourceTree = "<group>"; };
		3B8341042660C80500CBD534 /* LaunchScreen.storyboard */ = {isa = PBXFileReference; lastKnownFileType = file.storyboard; path = LaunchScreen.storyboard; sourceTree = "<group>"; };
		3B8341062660D9B700CBD534 /* icons8-設定-50.png */ = {isa = PBXFileReference; lastKnownFileType = image.png; path = "icons8-設定-50.png"; sourceTree = "<group>"; };
		3B8341082662921B00CBD534 /* icon-red.JPG */ = {isa = PBXFileReference; lastKnownFileType = image.jpeg; path = "icon-red.JPG"; sourceTree = "<group>"; };
		3B8341092662921B00CBD534 /* icon-th.jpg */ = {isa = PBXFileReference; lastKnownFileType = image.jpeg; name = "icon-th.jpg"; path = "../../../../Desktop/icon-th.jpg"; sourceTree = "<group>"; };
		3B83410C266292AB00CBD534 /* icon-fff.JPG */ = {isa = PBXFileReference; lastKnownFileType = image.jpeg; path = "icon-fff.JPG"; sourceTree = "<group>"; };
		3B83410D266292AB00CBD534 /* icon-ff.JPG */ = {isa = PBXFileReference; lastKnownFileType = image.jpeg; path = "icon-ff.JPG"; sourceTree = "<group>"; };
		3B8341102662930800CBD534 /* this.JPG */ = {isa = PBXFileReference; lastKnownFileType = image.jpeg; path = this.JPG; sourceTree = "<group>"; };
		3B8341122663446F00CBD534 /* Certifications.swift */ = {isa = PBXFileReference; lastKnownFileType = sourcecode.swift; path = Certifications.swift; sourceTree = "<group>"; };
		3B8341142663448C00CBD534 /* Genre.swift */ = {isa = PBXFileReference; lastKnownFileType = sourcecode.swift; path = Genre.swift; sourceTree = "<group>"; };
		3B94E59E26514A1400A2CC03 /* profile_icon.png */ = {isa = PBXFileReference; lastKnownFileType = image.png; path = profile_icon.png; sourceTree = "<group>"; };
		3B95FD8E265912390078A858 /* PostQuestionViewController.swift */ = {isa = PBXFileReference; lastKnownFileType = sourcecode.swift; path = PostQuestionViewController.swift; sourceTree = "<group>"; };
		3BBDE47A2655098300488565 /* PostViewController.swift */ = {isa = PBXFileReference; lastKnownFileType = sourcecode.swift; path = PostViewController.swift; sourceTree = "<group>"; };
		3BE4726F265E1D1500B068D2 /* QuestionTableViewCell.swift */ = {isa = PBXFileReference; lastKnownFileType = sourcecode.swift; path = QuestionTableViewCell.swift; sourceTree = "<group>"; };
		3BE47270265E1D1500B068D2 /* QuestionTableViewCell.xib */ = {isa = PBXFileReference; lastKnownFileType = file.xib; path = QuestionTableViewCell.xib; sourceTree = "<group>"; };
		3BE47273265E2EC500B068D2 /* QuestionPost.swift */ = {isa = PBXFileReference; lastKnownFileType = sourcecode.swift; path = QuestionPost.swift; sourceTree = "<group>"; };
		3BE47278265E38B000B068D2 /* CustomClass.swift */ = {isa = PBXFileReference; lastKnownFileType = sourcecode.swift; path = CustomClass.swift; sourceTree = "<group>"; };
		3BE4727C265E4BE400B068D2 /* PostNoteCommentViewController.swift */ = {isa = PBXFileReference; lastKnownFileType = sourcecode.swift; path = PostNoteCommentViewController.swift; sourceTree = "<group>"; };
		3BE4727E265E576D00B068D2 /* DetailNoteViewController.swift */ = {isa = PBXFileReference; lastKnownFileType = sourcecode.swift; path = DetailNoteViewController.swift; sourceTree = "<group>"; };
		421AC816A7B11910C2A5BCAC /* Pods_StudyApp.framework */ = {isa = PBXFileReference; explicitFileType = wrapper.framework; includeInIndex = 0; path = Pods_StudyApp.framework; sourceTree = BUILT_PRODUCTS_DIR; };
		B0BBB0ED2A9316A411383E58 /* Pods-StudyApp.release.xcconfig */ = {isa = PBXFileReference; includeInIndex = 1; lastKnownFileType = text.xcconfig; name = "Pods-StudyApp.release.xcconfig"; path = "Target Support Files/Pods-StudyApp/Pods-StudyApp.release.xcconfig"; sourceTree = "<group>"; };
		B860F088B16E545FB0B131EC /* Pods-StudyApp.debug.xcconfig */ = {isa = PBXFileReference; includeInIndex = 1; lastKnownFileType = text.xcconfig; name = "Pods-StudyApp.debug.xcconfig"; path = "Target Support Files/Pods-StudyApp/Pods-StudyApp.debug.xcconfig"; sourceTree = "<group>"; };
/* End PBXFileReference section */

/* Begin PBXFrameworksBuildPhase section */
		3B813ABC264C24BE0059E521 /* Frameworks */ = {
			isa = PBXFrameworksBuildPhase;
			buildActionMask = 2147483647;
			files = (
				E6265A95AB2609F711D33F3F /* Pods_StudyApp.framework in Frameworks */,
			);
			runOnlyForDeploymentPostprocessing = 0;
		};
/* End PBXFrameworksBuildPhase section */

/* Begin PBXGroup section */
		21A59F70BFFB7C2BA44F5EAA /* Frameworks */ = {
			isa = PBXGroup;
			children = (
				421AC816A7B11910C2A5BCAC /* Pods_StudyApp.framework */,
			);
			name = Frameworks;
			sourceTree = "<group>";
		};
		3B0C4DA22652BD4C00E3F647 /* pictures */ = {
			isa = PBXGroup;
			children = (
				3B8341062660D9B700CBD534 /* icons8-設定-50.png */,
				3B806C2926536141005FAA3D /* icons8-ハート-60.png */,
				3B94E59E26514A1400A2CC03 /* profile_icon.png */,
				3B0C4D9E2652BD2A00E3F647 /* coment.png */,
				3B0C4D9C2652BC6500E3F647 /* more.png */,
				3B0C4DA02652BD3300E3F647 /* heart.png */,
				3B0C4DA32652D0F400E3F647 /* ouyou.jpeg */,
				3B2F2DBF265BDC6C00ECFD3D /* question.png */,
				3B2F2DC1265BDC7600ECFD3D /* note.png */,
				3B8341082662921B00CBD534 /* icon-red.JPG */,
				3B8341092662921B00CBD534 /* icon-th.jpg */,
				3B8341102662930800CBD534 /* this.JPG */,
			);
			path = pictures;
			sourceTree = "<group>";
		};
		3B45956F26609BDB00724AC5 /* ios */ = {
			isa = PBXGroup;
			children = (
				3B45957026609BDB00724AC5 /* iTunesArtwork@1x.png */,
				3B45957126609BDB00724AC5 /* AppIcon.appiconset */,
				3B45958226609BDC00724AC5 /* README.md */,
				3B45958326609BDC00724AC5 /* iTunesArtwork@2x.png */,
				3B45958426609BDC00724AC5 /* iTunesArtwork@3x.png */,
			);
			name = ios;
			path = "../../../Downloads/study-icon/ios";
			sourceTree = "<group>";
		};
		3B45957126609BDB00724AC5 /* AppIcon.appiconset */ = {
			isa = PBXGroup;
			children = (
				3B45957226609BDB00724AC5 /* Icon-App-76x76@2x.png */,
				3B45957326609BDB00724AC5 /* Icon-App-29x29@1x.png */,
				3B45957426609BDB00724AC5 /* Icon-App-40x40@1x.png */,
				3B45957526609BDB00724AC5 /* Icon-App-20x20@1x.png */,
				3B45957626609BDB00724AC5 /* Icon-App-83.5x83.5@2x.png */,
				3B45957726609BDB00724AC5 /* Icon-App-20x20@3x.png */,
				3B45957826609BDB00724AC5 /* ItunesArtwork@2x.png */,
				3B45957926609BDB00724AC5 /* Contents.json */,
				3B45957A26609BDB00724AC5 /* Icon-App-20x20@2x.png */,
				3B45957B26609BDB00724AC5 /* Icon-App-29x29@3x.png */,
				3B45957C26609BDB00724AC5 /* Icon-App-40x40@2x.png */,
				3B45958026609BDB00724AC5 /* Icon-App-40x40@3x.png */,
				3B45957D26609BDB00724AC5 /* Icon-App-60x60@3x.png */,
				3B45957E26609BDB00724AC5 /* Icon-App-60x60@2x.png */,
				3B45957F26609BDB00724AC5 /* Icon-App-76x76@1x.png */,
				3B45958126609BDB00724AC5 /* Icon-App-29x29@2x.png */,
			);
			path = AppIcon.appiconset;
			sourceTree = "<group>";
		};
		3B5B17B9265F87DD005D3E37 /* xib */ = {
			isa = PBXGroup;
			children = (
				3B0C4D982652B17300E3F647 /* TimelineTableViewCell.swift */,
				3B0C4D992652B17300E3F647 /* TimelineTableViewCell.xib */,
				3BE47270265E1D1500B068D2 /* QuestionTableViewCell.xib */,
				3BE4726F265E1D1500B068D2 /* QuestionTableViewCell.swift */,
			);
			path = xib;
			sourceTree = "<group>";
		};
		3B7DFE0A2656092B00CD81F4 /* Signup */ = {
			isa = PBXGroup;
			children = (
				3B8341042660C80500CBD534 /* LaunchScreen.storyboard */,
				3B813ADA264C39E20059E521 /* SignUpViewController.swift */,
				3B2AE6F3264D2AB4000AE965 /* SignInViewController.swift */,
				3B813AD8264C39D40059E521 /* SignUp.storyboard */,
			);
			path = Signup;
			sourceTree = "<group>";
		};
		3B7DFE0C2656096D00CD81F4 /* Search */ = {
			isa = PBXGroup;
			children = (
				3B813AC6264C24BE0059E521 /* SearchgenreViewController.swift */,
				3B2AE6F7264D765E000AE965 /* SearchCertificationViewController.swift */,
			);
			path = Search;
			sourceTree = "<group>";
		};
		3B7DFE0D265609A500CD81F4 /* EditUser */ = {
			isa = PBXGroup;
			children = (
				3B2AE6F9264E6996000AE965 /* EditUserinfoViewController.swift */,
				3B2AE6F5264D38C3000AE965 /* UserPageViewController.swift */,
			);
			path = EditUser;
			sourceTree = "<group>";
		};
		3B7DFE0E265609DD00CD81F4 /* Main */ = {
			isa = PBXGroup;
			children = (
				3B2AE6EF264CE53C000AE965 /* MainViewController.swift */,
				3B2F2DBB265B4B9800ECFD3D /* NoteCommentsViewController.swift */,
				3B813AED264CDA650059E521 /* Main.storyboard */,
				3B7DFE152657A55700CD81F4 /* BigViewController.swift */,
				3B7DFE192657E50B00CD81F4 /* QuestionTimelineViewController.swift */,
			);
			path = Main;
			sourceTree = "<group>";
		};
		3B7DFE0F265609F600CD81F4 /* Post */ = {
			isa = PBXGroup;
			children = (
				3B95FD8E265912390078A858 /* PostQuestionViewController.swift */,
				3BBDE47A2655098300488565 /* PostViewController.swift */,
			);
			path = Post;
			sourceTree = "<group>";
		};
		3B7DFE1126560A8900CD81F4 /* models */ = {
			isa = PBXGroup;
			children = (
				3B8341142663448C00CBD534 /* Genre.swift */,
				3B8341122663446F00CBD534 /* Certifications.swift */,
				3B806C2B265365E2005FAA3D /* NotePost.swift */,
				3BE47273265E2EC500B068D2 /* QuestionPost.swift */,
				3B806C2D265365FA005FAA3D /* User.swift */,
				3BE47278265E38B000B068D2 /* CustomClass.swift */,
				3B806C2F265368BC005FAA3D /* Comment.swift */,
			);
			path = models;
			sourceTree = "<group>";
		};
		3B813AB6264C24BE0059E521 = {
			isa = PBXGroup;
			children = (
				3B813AC1264C24BE0059E521 /* StudyApp */,
				3B83410D266292AB00CBD534 /* icon-ff.JPG */,
				3B83410C266292AB00CBD534 /* icon-fff.JPG */,
				3B813AC0264C24BE0059E521 /* Products */,
				3DC91E4D0F120711B7905CFB /* Pods */,
				21A59F70BFFB7C2BA44F5EAA /* Frameworks */,
			);
			sourceTree = "<group>";
		};
		3B813AC0264C24BE0059E521 /* Products */ = {
			isa = PBXGroup;
			children = (
				3B813ABF264C24BE0059E521 /* StudyApp.app */,
			);
			name = Products;
			sourceTree = "<group>";
		};
		3B813AC1264C24BE0059E521 /* StudyApp */ = {
			isa = PBXGroup;
			children = (
				3B7DFE0A2656092B00CD81F4 /* Signup */,
				3B7DFE0C2656096D00CD81F4 /* Search */,
				3B7DFE0D265609A500CD81F4 /* EditUser */,
				3B7DFE0E265609DD00CD81F4 /* Main */,
				3B7DFE0F265609F600CD81F4 /* Post */,
				3BE47280265E577300B068D2 /* Detail */,
				3BE4727B265E4BC700B068D2 /* Comment */,
				3B5B17B9265F87DD005D3E37 /* xib */,
				3B7DFE1126560A8900CD81F4 /* models */,
				3B813AC2264C24BE0059E521 /* AppDelegate.swift */,
				3B813ADC264C3A370059E521 /* Sharenote.storyboard */,
				3B813AD0264C24C00059E521 /* Info.plist */,
				3B813AC4264C24BE0059E521 /* SceneDelegate.swift */,
				3B813ACB264C24C00059E521 /* Assets.xcassets */,
				3B813ACD264C24C00059E521 /* LaunchScreen.storyboard */,
				3B45956F26609BDB00724AC5 /* ios */,
				3B0C4DA22652BD4C00E3F647 /* pictures */,
			);
			path = StudyApp;
			sourceTree = "<group>";
		};
		3BE4727B265E4BC700B068D2 /* Comment */ = {
			isa = PBXGroup;
			children = (
				3BE4727C265E4BE400B068D2 /* PostNoteCommentViewController.swift */,
				3B54765526608F3A0006B97F /* PostQuestionCommentViewController.swift */,
			);
			path = Comment;
			sourceTree = "<group>";
		};
		3BE47280265E577300B068D2 /* Detail */ = {
			isa = PBXGroup;
			children = (
				3BE4727E265E576D00B068D2 /* DetailNoteViewController.swift */,
				3B5B17BA265F8A2A005D3E37 /* DetailQuestionViewController.swift */,
			);
			path = Detail;
			sourceTree = "<group>";
		};
		3DC91E4D0F120711B7905CFB /* Pods */ = {
			isa = PBXGroup;
			children = (
				B860F088B16E545FB0B131EC /* Pods-StudyApp.debug.xcconfig */,
				B0BBB0ED2A9316A411383E58 /* Pods-StudyApp.release.xcconfig */,
			);
			path = Pods;
			sourceTree = "<group>";
		};
/* End PBXGroup section */

/* Begin PBXNativeTarget section */
		3B813ABE264C24BE0059E521 /* StudyApp */ = {
			isa = PBXNativeTarget;
			buildConfigurationList = 3B813AD3264C24C00059E521 /* Build configuration list for PBXNativeTarget "StudyApp" */;
			buildPhases = (
				F306516B12AC491497A24B70 /* [CP] Check Pods Manifest.lock */,
				3B813ABB264C24BE0059E521 /* Sources */,
				3B813ABC264C24BE0059E521 /* Frameworks */,
				3B813ABD264C24BE0059E521 /* Resources */,
				7D207E598554B76A22BBFB1A /* [CP] Embed Pods Frameworks */,
			);
			buildRules = (
			);
			dependencies = (
			);
			name = StudyApp;
			productName = StudyApp;
			productReference = 3B813ABF264C24BE0059E521 /* StudyApp.app */;
			productType = "com.apple.product-type.application";
		};
/* End PBXNativeTarget section */

/* Begin PBXProject section */
		3B813AB7264C24BE0059E521 /* Project object */ = {
			isa = PBXProject;
			attributes = {
				LastSwiftUpdateCheck = 1250;
				LastUpgradeCheck = 1250;
				TargetAttributes = {
					3B813ABE264C24BE0059E521 = {
						CreatedOnToolsVersion = 12.5;
					};
				};
			};
			buildConfigurationList = 3B813ABA264C24BE0059E521 /* Build configuration list for PBXProject "StudyApp" */;
			compatibilityVersion = "Xcode 9.3";
			developmentRegion = en;
			hasScannedForEncodings = 0;
			knownRegions = (
				en,
				Base,
			);
			mainGroup = 3B813AB6264C24BE0059E521;
			productRefGroup = 3B813AC0264C24BE0059E521 /* Products */;
			projectDirPath = "";
			projectRoot = "";
			targets = (
				3B813ABE264C24BE0059E521 /* StudyApp */,
			);
		};
/* End PBXProject section */

/* Begin PBXResourcesBuildPhase section */
		3B813ABD264C24BE0059E521 /* Resources */ = {
			isa = PBXResourcesBuildPhase;
			buildActionMask = 2147483647;
			files = (
				3B813AD9264C39D40059E521 /* SignUp.storyboard in Resources */,
				3B813ACF264C24C00059E521 /* LaunchScreen.storyboard in Resources */,
				3B0C4DA42652D0F400E3F647 /* ouyou.jpeg in Resources */,
				3B8341112662930800CBD534 /* this.JPG in Resources */,
				3B8341072660D9B700CBD534 /* icons8-設定-50.png in Resources */,
				3B83410B2662921B00CBD534 /* icon-th.jpg in Resources */,
				3B0C4D9D2652BC6500E3F647 /* more.png in Resources */,
				3B45959326609BDC00724AC5 /* Icon-App-76x76@1x.png in Resources */,
				3B45959526609BDC00724AC5 /* Icon-App-29x29@2x.png in Resources */,
				3B813ADD264C3A370059E521 /* Sharenote.storyboard in Resources */,
				3B45959626609BDC00724AC5 /* README.md in Resources */,
				3B45959226609BDC00724AC5 /* Icon-App-60x60@2x.png in Resources */,
				3B83410E266292AB00CBD534 /* icon-fff.JPG in Resources */,
				3B45959826609BDC00724AC5 /* iTunesArtwork@3x.png in Resources */,
				3B2F2DC2265BDC7600ECFD3D /* note.png in Resources */,
				3B45958626609BDC00724AC5 /* Icon-App-76x76@2x.png in Resources */,
				3B45958F26609BDC00724AC5 /* Icon-App-29x29@3x.png in Resources */,
				3B0C4D9B2652B17300E3F647 /* TimelineTableViewCell.xib in Resources */,
				3B83410A2662921B00CBD534 /* icon-red.JPG in Resources */,
				3B45958A26609BDC00724AC5 /* Icon-App-83.5x83.5@2x.png in Resources */,
				3B813AEE264CDA650059E521 /* Main.storyboard in Resources */,
				3B45958726609BDC00724AC5 /* Icon-App-29x29@1x.png in Resources */,
				3B45958E26609BDC00724AC5 /* Icon-App-20x20@2x.png in Resources */,
				3B45958B26609BDC00724AC5 /* Icon-App-20x20@3x.png in Resources */,
				3B45959126609BDC00724AC5 /* Icon-App-60x60@3x.png in Resources */,
				3B45959426609BDC00724AC5 /* Icon-App-40x40@3x.png in Resources */,
				3B45958526609BDC00724AC5 /* iTunesArtwork@1x.png in Resources */,
				3B83410F266292AB00CBD534 /* icon-ff.JPG in Resources */,
				3B806C2A26536141005FAA3D /* icons8-ハート-60.png in Resources */,
				3B0C4D9F2652BD2A00E3F647 /* coment.png in Resources */,
				3B2F2DC0265BDC6C00ECFD3D /* question.png in Resources */,
				3B45958D26609BDC00724AC5 /* Contents.json in Resources */,
				3B45958C26609BDC00724AC5 /* ItunesArtwork@2x.png in Resources */,
				3B0C4DA12652BD3300E3F647 /* heart.png in Resources */,
				3B45958926609BDC00724AC5 /* Icon-App-20x20@1x.png in Resources */,
				3B45958826609BDC00724AC5 /* Icon-App-40x40@1x.png in Resources */,
				3B8341052660C80500CBD534 /* LaunchScreen.storyboard in Resources */,
				3B94E59F26514A1400A2CC03 /* profile_icon.png in Resources */,
				3B45959726609BDC00724AC5 /* iTunesArtwork@2x.png in Resources */,
				3BE47272265E1D1500B068D2 /* QuestionTableViewCell.xib in Resources */,
				3B813ACC264C24C00059E521 /* Assets.xcassets in Resources */,
				3B45959026609BDC00724AC5 /* Icon-App-40x40@2x.png in Resources */,
			);
			runOnlyForDeploymentPostprocessing = 0;
		};
/* End PBXResourcesBuildPhase section */

/* Begin PBXShellScriptBuildPhase section */
		7D207E598554B76A22BBFB1A /* [CP] Embed Pods Frameworks */ = {
			isa = PBXShellScriptBuildPhase;
			buildActionMask = 2147483647;
			files = (
			);
			inputFileListPaths = (
				"${PODS_ROOT}/Target Support Files/Pods-StudyApp/Pods-StudyApp-frameworks-${CONFIGURATION}-input-files.xcfilelist",
			);
			name = "[CP] Embed Pods Frameworks";
			outputFileListPaths = (
				"${PODS_ROOT}/Target Support Files/Pods-StudyApp/Pods-StudyApp-frameworks-${CONFIGURATION}-output-files.xcfilelist",
			);
			runOnlyForDeploymentPostprocessing = 0;
			shellPath = /bin/sh;
			shellScript = "\"${PODS_ROOT}/Target Support Files/Pods-StudyApp/Pods-StudyApp-frameworks.sh\"\n";
			showEnvVarsInLog = 0;
		};
		F306516B12AC491497A24B70 /* [CP] Check Pods Manifest.lock */ = {
			isa = PBXShellScriptBuildPhase;
			buildActionMask = 2147483647;
			files = (
			);
			inputFileListPaths = (
			);
			inputPaths = (
				"${PODS_PODFILE_DIR_PATH}/Podfile.lock",
				"${PODS_ROOT}/Manifest.lock",
			);
			name = "[CP] Check Pods Manifest.lock";
			outputFileListPaths = (
			);
			outputPaths = (
				"$(DERIVED_FILE_DIR)/Pods-StudyApp-checkManifestLockResult.txt",
			);
			runOnlyForDeploymentPostprocessing = 0;
			shellPath = /bin/sh;
			shellScript = "diff \"${PODS_PODFILE_DIR_PATH}/Podfile.lock\" \"${PODS_ROOT}/Manifest.lock\" > /dev/null\nif [ $? != 0 ] ; then\n    # print error to STDERR\n    echo \"error: The sandbox is not in sync with the Podfile.lock. Run 'pod install' or update your CocoaPods installation.\" >&2\n    exit 1\nfi\n# This output is used by Xcode 'outputs' to avoid re-running this script phase.\necho \"SUCCESS\" > \"${SCRIPT_OUTPUT_FILE_0}\"\n";
			showEnvVarsInLog = 0;
		};
/* End PBXShellScriptBuildPhase section */

/* Begin PBXSourcesBuildPhase section */
		3B813ABB264C24BE0059E521 /* Sources */ = {
			isa = PBXSourcesBuildPhase;
			buildActionMask = 2147483647;
			files = (
				3B8341152663448C00CBD534 /* Genre.swift in Sources */,
				3B813AC7264C24BE0059E521 /* SearchgenreViewController.swift in Sources */,
				3BE47271265E1D1500B068D2 /* QuestionTableViewCell.swift in Sources */,
				3B8341132663447000CBD534 /* Certifications.swift in Sources */,
				3BE47274265E2EC500B068D2 /* QuestionPost.swift in Sources */,
				3BE4727F265E576D00B068D2 /* DetailNoteViewController.swift in Sources */,
				3B806C2C265365E2005FAA3D /* NotePost.swift in Sources */,
				3BBDE47B2655098300488565 /* PostViewController.swift in Sources */,
				3B7DFE162657A55700CD81F4 /* BigViewController.swift in Sources */,
				3B813AC3264C24BE0059E521 /* AppDelegate.swift in Sources */,
				3B0C4D9A2652B17300E3F647 /* TimelineTableViewCell.swift in Sources */,
				3B2AE6F4264D2AB4000AE965 /* SignInViewController.swift in Sources */,
				3B2AE6F8264D765E000AE965 /* SearchCertificationViewController.swift in Sources */,
				3B5B17BB265F8A2A005D3E37 /* DetailQuestionViewController.swift in Sources */,
				3B813AC5264C24BE0059E521 /* SceneDelegate.swift in Sources */,
				3BE4727D265E4BE400B068D2 /* PostNoteCommentViewController.swift in Sources */,
				3B813ADB264C39E20059E521 /* SignUpViewController.swift in Sources */,
				3B806C30265368BC005FAA3D /* Comment.swift in Sources */,
				3B806C2E265365FA005FAA3D /* User.swift in Sources */,
				3B2AE6F0264CE53C000AE965 /* MainViewController.swift in Sources */,
				3B2F2DBC265B4B9800ECFD3D /* NoteCommentsViewController.swift in Sources */,
				3B7DFE1A2657E50B00CD81F4 /* QuestionTimelineViewController.swift in Sources */,
				3B54765626608F3A0006B97F /* PostQuestionCommentViewController.swift in Sources */,
				3B2AE6F6264D38C3000AE965 /* UserPageViewController.swift in Sources */,
				3BE47279265E38B000B068D2 /* CustomClass.swift in Sources */,
				3B2AE6FA264E6996000AE965 /* EditUserinfoViewController.swift in Sources */,
				3B95FD8F265912390078A858 /* PostQuestionViewController.swift in Sources */,
			);
			runOnlyForDeploymentPostprocessing = 0;
		};
/* End PBXSourcesBuildPhase section */

/* Begin PBXVariantGroup section */
		3B813ACD264C24C00059E521 /* LaunchScreen.storyboard */ = {
			isa = PBXVariantGroup;
			children = (
				3B813ACE264C24C00059E521 /* Base */,
			);
			name = LaunchScreen.storyboard;
			sourceTree = "<group>";
		};
/* End PBXVariantGroup section */

/* Begin XCBuildConfiguration section */
		3B813AD1264C24C00059E521 /* Debug */ = {
			isa = XCBuildConfiguration;
			buildSettings = {
				ALWAYS_SEARCH_USER_PATHS = NO;
				CLANG_ANALYZER_NONNULL = YES;
				CLANG_ANALYZER_NUMBER_OBJECT_CONVERSION = YES_AGGRESSIVE;
				CLANG_CXX_LANGUAGE_STANDARD = "gnu++14";
				CLANG_CXX_LIBRARY = "libc++";
				CLANG_ENABLE_MODULES = YES;
				CLANG_ENABLE_OBJC_ARC = YES;
				CLANG_ENABLE_OBJC_WEAK = YES;
				CLANG_WARN_BLOCK_CAPTURE_AUTORELEASING = YES;
				CLANG_WARN_BOOL_CONVERSION = YES;
				CLANG_WARN_COMMA = YES;
				CLANG_WARN_CONSTANT_CONVERSION = YES;
				CLANG_WARN_DEPRECATED_OBJC_IMPLEMENTATIONS = YES;
				CLANG_WARN_DIRECT_OBJC_ISA_USAGE = YES_ERROR;
				CLANG_WARN_DOCUMENTATION_COMMENTS = YES;
				CLANG_WARN_EMPTY_BODY = YES;
				CLANG_WARN_ENUM_CONVERSION = YES;
				CLANG_WARN_INFINITE_RECURSION = YES;
				CLANG_WARN_INT_CONVERSION = YES;
				CLANG_WARN_NON_LITERAL_NULL_CONVERSION = YES;
				CLANG_WARN_OBJC_IMPLICIT_RETAIN_SELF = YES;
				CLANG_WARN_OBJC_LITERAL_CONVERSION = YES;
				CLANG_WARN_OBJC_ROOT_CLASS = YES_ERROR;
				CLANG_WARN_QUOTED_INCLUDE_IN_FRAMEWORK_HEADER = YES;
				CLANG_WARN_RANGE_LOOP_ANALYSIS = YES;
				CLANG_WARN_STRICT_PROTOTYPES = YES;
				CLANG_WARN_SUSPICIOUS_MOVE = YES;
				CLANG_WARN_UNGUARDED_AVAILABILITY = YES_AGGRESSIVE;
				CLANG_WARN_UNREACHABLE_CODE = YES;
				CLANG_WARN__DUPLICATE_METHOD_MATCH = YES;
				COPY_PHASE_STRIP = NO;
				DEBUG_INFORMATION_FORMAT = dwarf;
				ENABLE_STRICT_OBJC_MSGSEND = YES;
				ENABLE_TESTABILITY = YES;
				GCC_C_LANGUAGE_STANDARD = gnu11;
				GCC_DYNAMIC_NO_PIC = NO;
				GCC_NO_COMMON_BLOCKS = YES;
				GCC_OPTIMIZATION_LEVEL = 0;
				GCC_PREPROCESSOR_DEFINITIONS = (
					"DEBUG=1",
					"$(inherited)",
				);
				GCC_WARN_64_TO_32_BIT_CONVERSION = YES;
				GCC_WARN_ABOUT_RETURN_TYPE = YES_ERROR;
				GCC_WARN_UNDECLARED_SELECTOR = YES;
				GCC_WARN_UNINITIALIZED_AUTOS = YES_AGGRESSIVE;
				GCC_WARN_UNUSED_FUNCTION = YES;
				GCC_WARN_UNUSED_VARIABLE = YES;
				IPHONEOS_DEPLOYMENT_TARGET = 14.5;
				MTL_ENABLE_DEBUG_INFO = INCLUDE_SOURCE;
				MTL_FAST_MATH = YES;
				ONLY_ACTIVE_ARCH = YES;
				SDKROOT = iphoneos;
				SWIFT_ACTIVE_COMPILATION_CONDITIONS = DEBUG;
				SWIFT_OPTIMIZATION_LEVEL = "-Onone";
			};
			name = Debug;
		};
		3B813AD2264C24C00059E521 /* Release */ = {
			isa = XCBuildConfiguration;
			buildSettings = {
				ALWAYS_SEARCH_USER_PATHS = NO;
				CLANG_ANALYZER_NONNULL = YES;
				CLANG_ANALYZER_NUMBER_OBJECT_CONVERSION = YES_AGGRESSIVE;
				CLANG_CXX_LANGUAGE_STANDARD = "gnu++14";
				CLANG_CXX_LIBRARY = "libc++";
				CLANG_ENABLE_MODULES = YES;
				CLANG_ENABLE_OBJC_ARC = YES;
				CLANG_ENABLE_OBJC_WEAK = YES;
				CLANG_WARN_BLOCK_CAPTURE_AUTORELEASING = YES;
				CLANG_WARN_BOOL_CONVERSION = YES;
				CLANG_WARN_COMMA = YES;
				CLANG_WARN_CONSTANT_CONVERSION = YES;
				CLANG_WARN_DEPRECATED_OBJC_IMPLEMENTATIONS = YES;
				CLANG_WARN_DIRECT_OBJC_ISA_USAGE = YES_ERROR;
				CLANG_WARN_DOCUMENTATION_COMMENTS = YES;
				CLANG_WARN_EMPTY_BODY = YES;
				CLANG_WARN_ENUM_CONVERSION = YES;
				CLANG_WARN_INFINITE_RECURSION = YES;
				CLANG_WARN_INT_CONVERSION = YES;
				CLANG_WARN_NON_LITERAL_NULL_CONVERSION = YES;
				CLANG_WARN_OBJC_IMPLICIT_RETAIN_SELF = YES;
				CLANG_WARN_OBJC_LITERAL_CONVERSION = YES;
				CLANG_WARN_OBJC_ROOT_CLASS = YES_ERROR;
				CLANG_WARN_QUOTED_INCLUDE_IN_FRAMEWORK_HEADER = YES;
				CLANG_WARN_RANGE_LOOP_ANALYSIS = YES;
				CLANG_WARN_STRICT_PROTOTYPES = YES;
				CLANG_WARN_SUSPICIOUS_MOVE = YES;
				CLANG_WARN_UNGUARDED_AVAILABILITY = YES_AGGRESSIVE;
				CLANG_WARN_UNREACHABLE_CODE = YES;
				CLANG_WARN__DUPLICATE_METHOD_MATCH = YES;
				COPY_PHASE_STRIP = NO;
				DEBUG_INFORMATION_FORMAT = "dwarf-with-dsym";
				ENABLE_NS_ASSERTIONS = NO;
				ENABLE_STRICT_OBJC_MSGSEND = YES;
				GCC_C_LANGUAGE_STANDARD = gnu11;
				GCC_NO_COMMON_BLOCKS = YES;
				GCC_WARN_64_TO_32_BIT_CONVERSION = YES;
				GCC_WARN_ABOUT_RETURN_TYPE = YES_ERROR;
				GCC_WARN_UNDECLARED_SELECTOR = YES;
				GCC_WARN_UNINITIALIZED_AUTOS = YES_AGGRESSIVE;
				GCC_WARN_UNUSED_FUNCTION = YES;
				GCC_WARN_UNUSED_VARIABLE = YES;
				IPHONEOS_DEPLOYMENT_TARGET = 14.5;
				MTL_ENABLE_DEBUG_INFO = NO;
				MTL_FAST_MATH = YES;
				SDKROOT = iphoneos;
				SWIFT_COMPILATION_MODE = wholemodule;
				SWIFT_OPTIMIZATION_LEVEL = "-O";
				VALIDATE_PRODUCT = YES;
			};
			name = Release;
		};
		3B813AD4264C24C00059E521 /* Debug */ = {
			isa = XCBuildConfiguration;
			baseConfigurationReference = B860F088B16E545FB0B131EC /* Pods-StudyApp.debug.xcconfig */;
			buildSettings = {
				ASSETCATALOG_COMPILER_APPICON_NAME = AppIcon;
				ASSETCATALOG_COMPILER_GLOBAL_ACCENT_COLOR_NAME = AccentColor;
				CODE_SIGN_STYLE = Automatic;
				DEVELOPMENT_TEAM = J5XH9G27WZ;
				INFOPLIST_FILE = StudyApp/Info.plist;
				LD_RUNPATH_SEARCH_PATHS = (
					"$(inherited)",
					"@executable_path/Frameworks",
				);
				PRODUCT_BUNDLE_IDENTIFIER = com.miyusato.StudyApp;
				PRODUCT_NAME = "$(TARGET_NAME)";
				SWIFT_VERSION = 5.0;
				TARGETED_DEVICE_FAMILY = 1;
			};
			name = Debug;
		};
		3B813AD5264C24C00059E521 /* Release */ = {
			isa = XCBuildConfiguration;
			baseConfigurationReference = B0BBB0ED2A9316A411383E58 /* Pods-StudyApp.release.xcconfig */;
			buildSettings = {
				ASSETCATALOG_COMPILER_APPICON_NAME = AppIcon;
				ASSETCATALOG_COMPILER_GLOBAL_ACCENT_COLOR_NAME = AccentColor;
				CODE_SIGN_STYLE = Automatic;
				DEVELOPMENT_TEAM = J5XH9G27WZ;
				INFOPLIST_FILE = StudyApp/Info.plist;
				LD_RUNPATH_SEARCH_PATHS = (
					"$(inherited)",
					"@executable_path/Frameworks",
				);
				PRODUCT_BUNDLE_IDENTIFIER = com.miyusato.StudyApp;
				PRODUCT_NAME = "$(TARGET_NAME)";
				SWIFT_VERSION = 5.0;
				TARGETED_DEVICE_FAMILY = 1;
			};
			name = Release;
		};
/* End XCBuildConfiguration section */

/* Begin XCConfigurationList section */
		3B813ABA264C24BE0059E521 /* Build configuration list for PBXProject "StudyApp" */ = {
			isa = XCConfigurationList;
			buildConfigurations = (
				3B813AD1264C24C00059E521 /* Debug */,
				3B813AD2264C24C00059E521 /* Release */,
			);
			defaultConfigurationIsVisible = 0;
			defaultConfigurationName = Release;
		};
		3B813AD3264C24C00059E521 /* Build configuration list for PBXNativeTarget "StudyApp" */ = {
			isa = XCConfigurationList;
			buildConfigurations = (
				3B813AD4264C24C00059E521 /* Debug */,
				3B813AD5264C24C00059E521 /* Release */,
			);
			defaultConfigurationIsVisible = 0;
			defaultConfigurationName = Release;
		};
/* End XCConfigurationList section */
	};
	rootObject = 3B813AB7264C24BE0059E521 /* Project object */;
}
